// !$*UTF8*$!
{
	archiveVersion = 1;
	classes = {
	};
	objectVersion = 46;
	objects = {

/* Begin PBXBuildFile section */
		000A73291D08A4B70055BC06 /* NetworkActivityIndicatorOperation.swift in Sources */ = {isa = PBXBuildFile; fileRef = 000A73281D08A4B70055BC06 /* NetworkActivityIndicatorOperation.swift */; };
		00104BFA1CBC1735007C453C /* RangeSlider.swift in Sources */ = {isa = PBXBuildFile; fileRef = 00104BF71CBC1735007C453C /* RangeSlider.swift */; };
		00104BFB1CBC1735007C453C /* RangeSliderThumbLayer.swift in Sources */ = {isa = PBXBuildFile; fileRef = 00104BF81CBC1735007C453C /* RangeSliderThumbLayer.swift */; };
		00104BFC1CBC1735007C453C /* RangeSliderTrackLayer.swift in Sources */ = {isa = PBXBuildFile; fileRef = 00104BF91CBC1735007C453C /* RangeSliderTrackLayer.swift */; };
		0017670B1D0B67C2009CF351 /* SyncLocalDatastoreWithRemoteOperation.swift in Sources */ = {isa = PBXBuildFile; fileRef = 0017670A1D0B67C2009CF351 /* SyncLocalDatastoreWithRemoteOperation.swift */; };
		0032EEA51D0633A2000F9F10 /* ScheduleDayProvider.swift in Sources */ = {isa = PBXBuildFile; fileRef = 0032EEA41D0633A2000F9F10 /* ScheduleDayProvider.swift */; };
		0032EEA71D065BE9000F9F10 /* EmergProvider.swift in Sources */ = {isa = PBXBuildFile; fileRef = 0032EEA61D065BE9000F9F10 /* EmergProvider.swift */; };
		0032EEAB1D067A8B000F9F10 /* PersistenceProvider.swift in Sources */ = {isa = PBXBuildFile; fileRef = 0032EEAA1D067A8B000F9F10 /* PersistenceProvider.swift */; };
		0032EEB01D07263D000F9F10 /* AsyncOperation.swift in Sources */ = {isa = PBXBuildFile; fileRef = 0032EEAF1D07263D000F9F10 /* AsyncOperation.swift */; };
		0032EEB21D075B51000F9F10 /* MessageCell.swift in Sources */ = {isa = PBXBuildFile; fileRef = 0032EEB11D075B51000F9F10 /* MessageCell.swift */; };
		0036A94D1CCDECCE00BBD86F /* EmergDetailVC.swift in Sources */ = {isa = PBXBuildFile; fileRef = 0036A94C1CCDECCE00BBD86F /* EmergDetailVC.swift */; };
		00611C011CB080FA00C08B07 /* AppDelegate.swift in Sources */ = {isa = PBXBuildFile; fileRef = 00611C001CB080FA00C08B07 /* AppDelegate.swift */; };
		00611C031CB080FA00C08B07 /* OpenEmergsVC.swift in Sources */ = {isa = PBXBuildFile; fileRef = 00611C021CB080FA00C08B07 /* OpenEmergsVC.swift */; };
		00611C061CB080FA00C08B07 /* Main.storyboard in Resources */ = {isa = PBXBuildFile; fileRef = 00611C041CB080FA00C08B07 /* Main.storyboard */; };
		00611C081CB080FA00C08B07 /* Assets.xcassets in Resources */ = {isa = PBXBuildFile; fileRef = 00611C071CB080FA00C08B07 /* Assets.xcassets */; };
		00611C0B1CB080FA00C08B07 /* LaunchScreen.storyboard in Resources */ = {isa = PBXBuildFile; fileRef = 00611C091CB080FA00C08B07 /* LaunchScreen.storyboard */; };
		00611C141CB0818E00C08B07 /* CloudKit.framework in Frameworks */ = {isa = PBXBuildFile; fileRef = 00611C131CB0818E00C08B07 /* CloudKit.framework */; };
		00611C1F1CB0905300C08B07 /* Emerg.swift in Sources */ = {isa = PBXBuildFile; fileRef = 00611C1E1CB0905300C08B07 /* Emerg.swift */; };
		00611C221CB0972B00C08B07 /* Extensions.swift in Sources */ = {isa = PBXBuildFile; fileRef = 00611C211CB0972B00C08B07 /* Extensions.swift */; };
		00656B5E1CB44DF00000C4D4 /* Constants.swift in Sources */ = {isa = PBXBuildFile; fileRef = 00656B5D1CB44DF00000C4D4 /* Constants.swift */; };
		00656B601CB481DF0000C4D4 /* Functions.swift in Sources */ = {isa = PBXBuildFile; fileRef = 00656B5F1CB481DF0000C4D4 /* Functions.swift */; };
		008BF3ED1CB1A31600946E4A /* ERCell.swift in Sources */ = {isa = PBXBuildFile; fileRef = 008BF3EC1CB1A31600946E4A /* ERCell.swift */; };
		0092C9EC1D09B0C5005EA647 /* FetchOperation.swift in Sources */ = {isa = PBXBuildFile; fileRef = 0092C9EB1D09B0C5005EA647 /* FetchOperation.swift */; };
		00935E541CB72B9A00A9FF71 /* ScheduleDayDetailVC.swift in Sources */ = {isa = PBXBuildFile; fileRef = 00935E531CB72B9A00A9FF71 /* ScheduleDayDetailVC.swift */; };
		00A0747D1D0E2C2D005B9072 /* Day.swift in Sources */ = {isa = PBXBuildFile; fileRef = 00A0747C1D0E2C2D005B9072 /* Day.swift */; };
		00B3569C1D0C7BFD00B62E0D /* FetchEmergsNearestLocationOperation.swift in Sources */ = {isa = PBXBuildFile; fileRef = 00B3569B1D0C7BFD00B62E0D /* FetchEmergsNearestLocationOperation.swift */; };
		00C197931CB2D39600786B5A /* TimeSlotView.swift in Sources */ = {isa = PBXBuildFile; fileRef = 00C197921CB2D39600786B5A /* TimeSlotView.swift */; };
		00C197971CB2E65200786B5A /* CloudKitModal.swift in Sources */ = {isa = PBXBuildFile; fileRef = 00C197961CB2E65200786B5A /* CloudKitModal.swift */; };
		00D85D551D108A23008148DB /* DateRange.swift in Sources */ = {isa = PBXBuildFile; fileRef = 00D85D541D108A23008148DB /* DateRange.swift */; };
		00DC0A981CB1E05800014279 /* EmergsListVC.swift in Sources */ = {isa = PBXBuildFile; fileRef = 00DC0A971CB1E05800014279 /* EmergsListVC.swift */; };
		00DC0A9A1CB1E8C900014279 /* ScheduleDayCell.swift in Sources */ = {isa = PBXBuildFile; fileRef = 00DC0A991CB1E8C900014279 /* ScheduleDayCell.swift */; };
		00DC0A9C1CB1E90100014279 /* ScheduleDaysVC.swift in Sources */ = {isa = PBXBuildFile; fileRef = 00DC0A9B1CB1E90100014279 /* ScheduleDaysVC.swift */; };
		00DC0A9E1CB1E9B500014279 /* ScheduleDay.swift in Sources */ = {isa = PBXBuildFile; fileRef = 00DC0A9D1CB1E9B500014279 /* ScheduleDay.swift */; };
		00E885291D0D32B100FAD950 /* FetchScheduleDaysForEmergForDatesOperation.swift in Sources */ = {isa = PBXBuildFile; fileRef = 00E885281D0D32B100FAD950 /* FetchScheduleDaysForEmergForDatesOperation.swift */; };
		00E8852B1D0D3C0C00FAD950 /* SaveOperation.swift in Sources */ = {isa = PBXBuildFile; fileRef = 00E8852A1D0D3C0C00FAD950 /* SaveOperation.swift */; };
/* End PBXBuildFile section */

/* Begin PBXFileReference section */
		000A73281D08A4B70055BC06 /* NetworkActivityIndicatorOperation.swift */ = {isa = PBXFileReference; fileEncoding = 4; lastKnownFileType = sourcecode.swift; path = NetworkActivityIndicatorOperation.swift; sourceTree = "<group>"; };
		00104BF71CBC1735007C453C /* RangeSlider.swift */ = {isa = PBXFileReference; fileEncoding = 4; lastKnownFileType = sourcecode.swift; name = RangeSlider.swift; path = ../../Experimentation/RangeSlider/RangeSlider/RangeSlider.swift; sourceTree = "<group>"; };
		00104BF81CBC1735007C453C /* RangeSliderThumbLayer.swift */ = {isa = PBXFileReference; fileEncoding = 4; lastKnownFileType = sourcecode.swift; name = RangeSliderThumbLayer.swift; path = ../../Experimentation/RangeSlider/RangeSlider/RangeSliderThumbLayer.swift; sourceTree = "<group>"; };
		00104BF91CBC1735007C453C /* RangeSliderTrackLayer.swift */ = {isa = PBXFileReference; fileEncoding = 4; lastKnownFileType = sourcecode.swift; name = RangeSliderTrackLayer.swift; path = ../../Experimentation/RangeSlider/RangeSlider/RangeSliderTrackLayer.swift; sourceTree = "<group>"; };
		0017670A1D0B67C2009CF351 /* SyncLocalDatastoreWithRemoteOperation.swift */ = {isa = PBXFileReference; fileEncoding = 4; lastKnownFileType = sourcecode.swift; path = SyncLocalDatastoreWithRemoteOperation.swift; sourceTree = "<group>"; };
		0032EEA41D0633A2000F9F10 /* ScheduleDayProvider.swift */ = {isa = PBXFileReference; fileEncoding = 4; lastKnownFileType = sourcecode.swift; path = ScheduleDayProvider.swift; sourceTree = "<group>"; };
		0032EEA61D065BE9000F9F10 /* EmergProvider.swift */ = {isa = PBXFileReference; fileEncoding = 4; lastKnownFileType = sourcecode.swift; path = EmergProvider.swift; sourceTree = "<group>"; };
		0032EEAA1D067A8B000F9F10 /* PersistenceProvider.swift */ = {isa = PBXFileReference; fileEncoding = 4; lastKnownFileType = sourcecode.swift; path = PersistenceProvider.swift; sourceTree = "<group>"; };
		0032EEAF1D07263D000F9F10 /* AsyncOperation.swift */ = {isa = PBXFileReference; fileEncoding = 4; lastKnownFileType = sourcecode.swift; path = AsyncOperation.swift; sourceTree = "<group>"; };
		0032EEB11D075B51000F9F10 /* MessageCell.swift */ = {isa = PBXFileReference; fileEncoding = 4; lastKnownFileType = sourcecode.swift; path = MessageCell.swift; sourceTree = "<group>"; };
		0036A94C1CCDECCE00BBD86F /* EmergDetailVC.swift */ = {isa = PBXFileReference; fileEncoding = 4; lastKnownFileType = sourcecode.swift; path = EmergDetailVC.swift; sourceTree = "<group>"; };
		00611BFD1CB080FA00C08B07 /* Emerg.app */ = {isa = PBXFileReference; explicitFileType = wrapper.application; includeInIndex = 0; path = Emerg.app; sourceTree = BUILT_PRODUCTS_DIR; };
		00611C001CB080FA00C08B07 /* AppDelegate.swift */ = {isa = PBXFileReference; lastKnownFileType = sourcecode.swift; path = AppDelegate.swift; sourceTree = "<group>"; };
		00611C021CB080FA00C08B07 /* OpenEmergsVC.swift */ = {isa = PBXFileReference; lastKnownFileType = sourcecode.swift; path = OpenEmergsVC.swift; sourceTree = "<group>"; };
		00611C051CB080FA00C08B07 /* Base */ = {isa = PBXFileReference; lastKnownFileType = file.storyboard; name = Base; path = Base.lproj/Main.storyboard; sourceTree = "<group>"; };
		00611C071CB080FA00C08B07 /* Assets.xcassets */ = {isa = PBXFileReference; lastKnownFileType = folder.assetcatalog; path = Assets.xcassets; sourceTree = "<group>"; };
		00611C0A1CB080FA00C08B07 /* Base */ = {isa = PBXFileReference; lastKnownFileType = file.storyboard; name = Base; path = Base.lproj/LaunchScreen.storyboard; sourceTree = "<group>"; };
		00611C0C1CB080FA00C08B07 /* Info.plist */ = {isa = PBXFileReference; lastKnownFileType = text.plist.xml; path = Info.plist; sourceTree = "<group>"; };
		00611C121CB0818A00C08B07 /* Open ER.entitlements */ = {isa = PBXFileReference; lastKnownFileType = text.xml; path = "Open ER.entitlements"; sourceTree = "<group>"; };
		00611C131CB0818E00C08B07 /* CloudKit.framework */ = {isa = PBXFileReference; lastKnownFileType = wrapper.framework; name = CloudKit.framework; path = System/Library/Frameworks/CloudKit.framework; sourceTree = SDKROOT; };
		00611C1E1CB0905300C08B07 /* Emerg.swift */ = {isa = PBXFileReference; fileEncoding = 4; lastKnownFileType = sourcecode.swift; path = Emerg.swift; sourceTree = "<group>"; };
		00611C211CB0972B00C08B07 /* Extensions.swift */ = {isa = PBXFileReference; fileEncoding = 4; lastKnownFileType = sourcecode.swift; path = Extensions.swift; sourceTree = "<group>"; };
		00656B5D1CB44DF00000C4D4 /* Constants.swift */ = {isa = PBXFileReference; fileEncoding = 4; lastKnownFileType = sourcecode.swift; path = Constants.swift; sourceTree = "<group>"; };
		00656B5F1CB481DF0000C4D4 /* Functions.swift */ = {isa = PBXFileReference; fileEncoding = 4; lastKnownFileType = sourcecode.swift; path = Functions.swift; sourceTree = "<group>"; };
		008BF3EC1CB1A31600946E4A /* ERCell.swift */ = {isa = PBXFileReference; fileEncoding = 4; lastKnownFileType = sourcecode.swift; path = ERCell.swift; sourceTree = "<group>"; };
		0092C9EB1D09B0C5005EA647 /* FetchOperation.swift */ = {isa = PBXFileReference; fileEncoding = 4; lastKnownFileType = sourcecode.swift; path = FetchOperation.swift; sourceTree = "<group>"; };
		00935E531CB72B9A00A9FF71 /* ScheduleDayDetailVC.swift */ = {isa = PBXFileReference; fileEncoding = 4; lastKnownFileType = sourcecode.swift; path = ScheduleDayDetailVC.swift; sourceTree = "<group>"; };
		00A0747C1D0E2C2D005B9072 /* Day.swift */ = {isa = PBXFileReference; fileEncoding = 4; lastKnownFileType = sourcecode.swift; path = Day.swift; sourceTree = "<group>"; };
		00B3569B1D0C7BFD00B62E0D /* FetchEmergsNearestLocationOperation.swift */ = {isa = PBXFileReference; fileEncoding = 4; lastKnownFileType = sourcecode.swift; path = FetchEmergsNearestLocationOperation.swift; sourceTree = "<group>"; };
		00C197921CB2D39600786B5A /* TimeSlotView.swift */ = {isa = PBXFileReference; fileEncoding = 4; lastKnownFileType = sourcecode.swift; path = TimeSlotView.swift; sourceTree = "<group>"; };
		00C197961CB2E65200786B5A /* CloudKitModal.swift */ = {isa = PBXFileReference; fileEncoding = 4; lastKnownFileType = sourcecode.swift; path = CloudKitModal.swift; sourceTree = "<group>"; };
		00D85D541D108A23008148DB /* DateRange.swift */ = {isa = PBXFileReference; fileEncoding = 4; lastKnownFileType = sourcecode.swift; path = DateRange.swift; sourceTree = "<group>"; };
		00DC0A971CB1E05800014279 /* EmergsListVC.swift */ = {isa = PBXFileReference; fileEncoding = 4; lastKnownFileType = sourcecode.swift; path = EmergsListVC.swift; sourceTree = "<group>"; };
		00DC0A991CB1E8C900014279 /* ScheduleDayCell.swift */ = {isa = PBXFileReference; fileEncoding = 4; lastKnownFileType = sourcecode.swift; path = ScheduleDayCell.swift; sourceTree = "<group>"; };
		00DC0A9B1CB1E90100014279 /* ScheduleDaysVC.swift */ = {isa = PBXFileReference; fileEncoding = 4; lastKnownFileType = sourcecode.swift; path = ScheduleDaysVC.swift; sourceTree = "<group>"; };
		00DC0A9D1CB1E9B500014279 /* ScheduleDay.swift */ = {isa = PBXFileReference; fileEncoding = 4; lastKnownFileType = sourcecode.swift; path = ScheduleDay.swift; sourceTree = "<group>"; };
		00E885281D0D32B100FAD950 /* FetchScheduleDaysForEmergForDatesOperation.swift */ = {isa = PBXFileReference; fileEncoding = 4; lastKnownFileType = sourcecode.swift; path = FetchScheduleDaysForEmergForDatesOperation.swift; sourceTree = "<group>"; };
		00E8852A1D0D3C0C00FAD950 /* SaveOperation.swift */ = {isa = PBXFileReference; fileEncoding = 4; lastKnownFileType = sourcecode.swift; path = SaveOperation.swift; sourceTree = "<group>"; };
/* End PBXFileReference section */

/* Begin PBXFrameworksBuildPhase section */
		00611BFA1CB080FA00C08B07 /* Frameworks */ = {
			isa = PBXFrameworksBuildPhase;
			buildActionMask = 2147483647;
			files = (
				00611C141CB0818E00C08B07 /* CloudKit.framework in Frameworks */,
			);
			runOnlyForDeploymentPostprocessing = 0;
		};
/* End PBXFrameworksBuildPhase section */

/* Begin PBXGroup section */
		000A732A1D08A4BF0055BC06 /* Operations */ = {
			isa = PBXGroup;
			children = (
				000A73281D08A4B70055BC06 /* NetworkActivityIndicatorOperation.swift */,
				0032EEAF1D07263D000F9F10 /* AsyncOperation.swift */,
				0092C9EB1D09B0C5005EA647 /* FetchOperation.swift */,
				00E8852A1D0D3C0C00FAD950 /* SaveOperation.swift */,
				0017670A1D0B67C2009CF351 /* SyncLocalDatastoreWithRemoteOperation.swift */,
				00B3569B1D0C7BFD00B62E0D /* FetchEmergsNearestLocationOperation.swift */,
				00E885281D0D32B100FAD950 /* FetchScheduleDaysForEmergForDatesOperation.swift */,
			);
			name = Operations;
			sourceTree = "<group>";
		};
		00104BF61CBC1719007C453C /* RangeSlider */ = {
			isa = PBXGroup;
			children = (
				00104BF71CBC1735007C453C /* RangeSlider.swift */,
				00104BF81CBC1735007C453C /* RangeSliderThumbLayer.swift */,
				00104BF91CBC1735007C453C /* RangeSliderTrackLayer.swift */,
			);
			name = RangeSlider;
			sourceTree = "<group>";
		};
		0032EEA31D063352000F9F10 /* Providers */ = {
			isa = PBXGroup;
			children = (
				0032EEA61D065BE9000F9F10 /* EmergProvider.swift */,
				0032EEA41D0633A2000F9F10 /* ScheduleDayProvider.swift */,
				0032EEAA1D067A8B000F9F10 /* PersistenceProvider.swift */,
			);
			name = Providers;
			sourceTree = "<group>";
		};
		003659061D1482D9007B1C59 /* Main UI */ = {
			isa = PBXGroup;
			children = (
				00611C021CB080FA00C08B07 /* OpenEmergsVC.swift */,
				0036A94C1CCDECCE00BBD86F /* EmergDetailVC.swift */,
			);
			name = "Main UI";
			sourceTree = "<group>";
		};
		00611BF41CB080FA00C08B07 = {
			isa = PBXGroup;
			children = (
				00611BFF1CB080FA00C08B07 /* Open ER */,
				00611C151CB0820400C08B07 /* Entitlements */,
				00611C161CB0821800C08B07 /* Frameworks */,
				00611BFE1CB080FA00C08B07 /* Products */,
			);
			sourceTree = "<group>";
		};
		00611BFE1CB080FA00C08B07 /* Products */ = {
			isa = PBXGroup;
			children = (
				00611BFD1CB080FA00C08B07 /* Emerg.app */,
			);
			name = Products;
			sourceTree = "<group>";
		};
		00611BFF1CB080FA00C08B07 /* Open ER */ = {
			isa = PBXGroup;
			children = (
				00611C001CB080FA00C08B07 /* AppDelegate.swift */,
				00611C191CB0824100C08B07 /* Models */,
				00611C181CB0823800C08B07 /* Views */,
				00611C171CB0822B00C08B07 /* Controllers */,
				0032EEA31D063352000F9F10 /* Providers */,
				000A732A1D08A4BF0055BC06 /* Operations */,
				00611C201CB0971400C08B07 /* Globals */,
				00611C1A1CB0825300C08B07 /* Support */,
			);
			path = "Open ER";
			sourceTree = "<group>";
		};
		00611C151CB0820400C08B07 /* Entitlements */ = {
			isa = PBXGroup;
			children = (
				00611C121CB0818A00C08B07 /* Open ER.entitlements */,
			);
			name = Entitlements;
			path = "Open ER";
			sourceTree = "<group>";
		};
		00611C161CB0821800C08B07 /* Frameworks */ = {
			isa = PBXGroup;
			children = (
				00611C131CB0818E00C08B07 /* CloudKit.framework */,
			);
			name = Frameworks;
			sourceTree = "<group>";
		};
		00611C171CB0822B00C08B07 /* Controllers */ = {
			isa = PBXGroup;
			children = (
				003659061D1482D9007B1C59 /* Main UI */,
				008CB4391CD168B900DF76CC /* Scheduler */,
			);
			name = Controllers;
			sourceTree = "<group>";
		};
		00611C181CB0823800C08B07 /* Views */ = {
			isa = PBXGroup;
			children = (
				00611C041CB080FA00C08B07 /* Main.storyboard */,
				00611C071CB080FA00C08B07 /* Assets.xcassets */,
				00611C091CB080FA00C08B07 /* LaunchScreen.storyboard */,
				00DC0A9F1CB2140900014279 /* TableView Cells */,
				00104BF61CBC1719007C453C /* RangeSlider */,
			);
			name = Views;
			sourceTree = "<group>";
		};
		00611C191CB0824100C08B07 /* Models */ = {
			isa = PBXGroup;
			children = (
				00C197961CB2E65200786B5A /* CloudKitModal.swift */,
				00611C1E1CB0905300C08B07 /* Emerg.swift */,
				00DC0A9D1CB1E9B500014279 /* ScheduleDay.swift */,
			);
			name = Models;
			sourceTree = "<group>";
		};
		00611C1A1CB0825300C08B07 /* Support */ = {
			isa = PBXGroup;
			children = (
				00611C0C1CB080FA00C08B07 /* Info.plist */,
			);
			name = Support;
			sourceTree = "<group>";
		};
		00611C201CB0971400C08B07 /* Globals */ = {
			isa = PBXGroup;
			children = (
				00656B5D1CB44DF00000C4D4 /* Constants.swift */,
				00611C211CB0972B00C08B07 /* Extensions.swift */,
				00656B5F1CB481DF0000C4D4 /* Functions.swift */,
				00A0747C1D0E2C2D005B9072 /* Day.swift */,
				00D85D541D108A23008148DB /* DateRange.swift */,
			);
			name = Globals;
			sourceTree = "<group>";
		};
		008CB4391CD168B900DF76CC /* Scheduler */ = {
			isa = PBXGroup;
			children = (
				00DC0A971CB1E05800014279 /* EmergsListVC.swift */,
				00DC0A9B1CB1E90100014279 /* ScheduleDaysVC.swift */,
				00935E531CB72B9A00A9FF71 /* ScheduleDayDetailVC.swift */,
			);
			name = Scheduler;
			sourceTree = "<group>";
		};
		00DC0A9F1CB2140900014279 /* TableView Cells */ = {
			isa = PBXGroup;
			children = (
				008BF3EC1CB1A31600946E4A /* ERCell.swift */,
				00DC0A991CB1E8C900014279 /* ScheduleDayCell.swift */,
				00C197921CB2D39600786B5A /* TimeSlotView.swift */,
				0032EEB11D075B51000F9F10 /* MessageCell.swift */,
			);
			name = "TableView Cells";
			sourceTree = "<group>";
		};
/* End PBXGroup section */

/* Begin PBXNativeTarget section */
		00611BFC1CB080FA00C08B07 /* Open ER */ = {
			isa = PBXNativeTarget;
			buildConfigurationList = 00611C0F1CB080FA00C08B07 /* Build configuration list for PBXNativeTarget "Open ER" */;
			buildPhases = (
				00611BF91CB080FA00C08B07 /* Sources */,
				00611BFA1CB080FA00C08B07 /* Frameworks */,
				00611BFB1CB080FA00C08B07 /* Resources */,
			);
			buildRules = (
			);
			dependencies = (
			);
			name = "Open ER";
			productName = "Open ER";
			productReference = 00611BFD1CB080FA00C08B07 /* Emerg.app */;
			productType = "com.apple.product-type.application";
		};
/* End PBXNativeTarget section */

/* Begin PBXProject section */
		00611BF51CB080FA00C08B07 /* Project object */ = {
			isa = PBXProject;
			attributes = {
				LastSwiftUpdateCheck = 0730;
				LastUpgradeCheck = 0730;
				ORGANIZATIONNAME = "Jeffrey Fulton";
				TargetAttributes = {
					00611BFC1CB080FA00C08B07 = {
						CreatedOnToolsVersion = 7.3;
						DevelopmentTeam = 4DN5KQR8W8;
						SystemCapabilities = {
							com.apple.iCloud = {
								enabled = 1;
							};
						};
					};
				};
			};
			buildConfigurationList = 00611BF81CB080FA00C08B07 /* Build configuration list for PBXProject "Open ER" */;
			compatibilityVersion = "Xcode 3.2";
			developmentRegion = English;
			hasScannedForEncodings = 0;
			knownRegions = (
				en,
				Base,
			);
			mainGroup = 00611BF41CB080FA00C08B07;
			productRefGroup = 00611BFE1CB080FA00C08B07 /* Products */;
			projectDirPath = "";
			projectRoot = "";
			targets = (
				00611BFC1CB080FA00C08B07 /* Open ER */,
			);
		};
/* End PBXProject section */

/* Begin PBXResourcesBuildPhase section */
		00611BFB1CB080FA00C08B07 /* Resources */ = {
			isa = PBXResourcesBuildPhase;
			buildActionMask = 2147483647;
			files = (
				00611C0B1CB080FA00C08B07 /* LaunchScreen.storyboard in Resources */,
				00611C081CB080FA00C08B07 /* Assets.xcassets in Resources */,
				00611C061CB080FA00C08B07 /* Main.storyboard in Resources */,
			);
			runOnlyForDeploymentPostprocessing = 0;
		};
/* End PBXResourcesBuildPhase section */

/* Begin PBXSourcesBuildPhase section */
		00611BF91CB080FA00C08B07 /* Sources */ = {
			isa = PBXSourcesBuildPhase;
			buildActionMask = 2147483647;
			files = (
				0092C9EC1D09B0C5005EA647 /* FetchOperation.swift in Sources */,
				00B3569C1D0C7BFD00B62E0D /* FetchEmergsNearestLocationOperation.swift in Sources */,
				00DC0A981CB1E05800014279 /* EmergsListVC.swift in Sources */,
				00D85D551D108A23008148DB /* DateRange.swift in Sources */,
				00611C221CB0972B00C08B07 /* Extensions.swift in Sources */,
				0032EEA71D065BE9000F9F10 /* EmergProvider.swift in Sources */,
				00656B601CB481DF0000C4D4 /* Functions.swift in Sources */,
				0036A94D1CCDECCE00BBD86F /* EmergDetailVC.swift in Sources */,
				00C197931CB2D39600786B5A /* TimeSlotView.swift in Sources */,
				00DC0A9A1CB1E8C900014279 /* ScheduleDayCell.swift in Sources */,
				00611C031CB080FA00C08B07 /* OpenEmergsVC.swift in Sources */,
				00611C1F1CB0905300C08B07 /* Emerg.swift in Sources */,
				000A73291D08A4B70055BC06 /* NetworkActivityIndicatorOperation.swift in Sources */,
				0017670B1D0B67C2009CF351 /* SyncLocalDatastoreWithRemoteOperation.swift in Sources */,
				00656B5E1CB44DF00000C4D4 /* Constants.swift in Sources */,
				00935E541CB72B9A00A9FF71 /* ScheduleDayDetailVC.swift in Sources */,
				00104BFC1CBC1735007C453C /* RangeSliderTrackLayer.swift in Sources */,
				008BF3ED1CB1A31600946E4A /* ERCell.swift in Sources */,
				0032EEB01D07263D000F9F10 /* AsyncOperation.swift in Sources */,
				0032EEB21D075B51000F9F10 /* MessageCell.swift in Sources */,
				0032EEA51D0633A2000F9F10 /* ScheduleDayProvider.swift in Sources */,
				00DC0A9E1CB1E9B500014279 /* ScheduleDay.swift in Sources */,
				00E885291D0D32B100FAD950 /* FetchScheduleDaysForEmergForDatesOperation.swift in Sources */,
				00104BFA1CBC1735007C453C /* RangeSlider.swift in Sources */,
				00611C011CB080FA00C08B07 /* AppDelegate.swift in Sources */,
				00A0747D1D0E2C2D005B9072 /* Day.swift in Sources */,
				00DC0A9C1CB1E90100014279 /* ScheduleDaysVC.swift in Sources */,
				00104BFB1CBC1735007C453C /* RangeSliderThumbLayer.swift in Sources */,
				0032EEAB1D067A8B000F9F10 /* PersistenceProvider.swift in Sources */,
				00C197971CB2E65200786B5A /* CloudKitModal.swift in Sources */,
				00E8852B1D0D3C0C00FAD950 /* SaveOperation.swift in Sources */,
			);
			runOnlyForDeploymentPostprocessing = 0;
		};
/* End PBXSourcesBuildPhase section */

/* Begin PBXVariantGroup section */
		00611C041CB080FA00C08B07 /* Main.storyboard */ = {
			isa = PBXVariantGroup;
			children = (
				00611C051CB080FA00C08B07 /* Base */,
			);
			name = Main.storyboard;
			sourceTree = "<group>";
		};
		00611C091CB080FA00C08B07 /* LaunchScreen.storyboard */ = {
			isa = PBXVariantGroup;
			children = (
				00611C0A1CB080FA00C08B07 /* Base */,
			);
			name = LaunchScreen.storyboard;
			sourceTree = "<group>";
		};
/* End PBXVariantGroup section */

/* Begin XCBuildConfiguration section */
		00611C0D1CB080FA00C08B07 /* Debug */ = {
			isa = XCBuildConfiguration;
			buildSettings = {
				ALWAYS_SEARCH_USER_PATHS = NO;
				CLANG_ANALYZER_NONNULL = YES;
				CLANG_CXX_LANGUAGE_STANDARD = "gnu++0x";
				CLANG_CXX_LIBRARY = "libc++";
				CLANG_ENABLE_MODULES = YES;
				CLANG_ENABLE_OBJC_ARC = YES;
				CLANG_WARN_BOOL_CONVERSION = YES;
				CLANG_WARN_CONSTANT_CONVERSION = YES;
				CLANG_WARN_DIRECT_OBJC_ISA_USAGE = YES_ERROR;
				CLANG_WARN_EMPTY_BODY = YES;
				CLANG_WARN_ENUM_CONVERSION = YES;
				CLANG_WARN_INT_CONVERSION = YES;
				CLANG_WARN_OBJC_ROOT_CLASS = YES_ERROR;
				CLANG_WARN_UNREACHABLE_CODE = YES;
				CLANG_WARN__DUPLICATE_METHOD_MATCH = YES;
				"CODE_SIGN_IDENTITY[sdk=iphoneos*]" = "iPhone Developer";
				COPY_PHASE_STRIP = NO;
				DEBUG_INFORMATION_FORMAT = dwarf;
				ENABLE_STRICT_OBJC_MSGSEND = YES;
				ENABLE_TESTABILITY = YES;
				GCC_C_LANGUAGE_STANDARD = gnu99;
				GCC_DYNAMIC_NO_PIC = NO;
				GCC_NO_COMMON_BLOCKS = YES;
				GCC_OPTIMIZATION_LEVEL = 0;
				GCC_PREPROCESSOR_DEFINITIONS = (
					"DEBUG=1",
					"$(inherited)",
				);
				GCC_WARN_64_TO_32_BIT_CONVERSION = YES;
				GCC_WARN_ABOUT_RETURN_TYPE = YES_ERROR;
				GCC_WARN_UNDECLARED_SELECTOR = YES;
				GCC_WARN_UNINITIALIZED_AUTOS = YES_AGGRESSIVE;
				GCC_WARN_UNUSED_FUNCTION = YES;
				GCC_WARN_UNUSED_VARIABLE = YES;
				IPHONEOS_DEPLOYMENT_TARGET = 9.3;
				MTL_ENABLE_DEBUG_INFO = YES;
				ONLY_ACTIVE_ARCH = YES;
				SDKROOT = iphoneos;
				SWIFT_OPTIMIZATION_LEVEL = "-Onone";
				TARGETED_DEVICE_FAMILY = "1,2";
			};
			name = Debug;
		};
		00611C0E1CB080FA00C08B07 /* Release */ = {
			isa = XCBuildConfiguration;
			buildSettings = {
				ALWAYS_SEARCH_USER_PATHS = NO;
				CLANG_ANALYZER_NONNULL = YES;
				CLANG_CXX_LANGUAGE_STANDARD = "gnu++0x";
				CLANG_CXX_LIBRARY = "libc++";
				CLANG_ENABLE_MODULES = YES;
				CLANG_ENABLE_OBJC_ARC = YES;
				CLANG_WARN_BOOL_CONVERSION = YES;
				CLANG_WARN_CONSTANT_CONVERSION = YES;
				CLANG_WARN_DIRECT_OBJC_ISA_USAGE = YES_ERROR;
				CLANG_WARN_EMPTY_BODY = YES;
				CLANG_WARN_ENUM_CONVERSION = YES;
				CLANG_WARN_INT_CONVERSION = YES;
				CLANG_WARN_OBJC_ROOT_CLASS = YES_ERROR;
				CLANG_WARN_UNREACHABLE_CODE = YES;
				CLANG_WARN__DUPLICATE_METHOD_MATCH = YES;
				"CODE_SIGN_IDENTITY[sdk=iphoneos*]" = "iPhone Developer";
				COPY_PHASE_STRIP = NO;
				DEBUG_INFORMATION_FORMAT = "dwarf-with-dsym";
				ENABLE_NS_ASSERTIONS = NO;
				ENABLE_STRICT_OBJC_MSGSEND = YES;
				GCC_C_LANGUAGE_STANDARD = gnu99;
				GCC_NO_COMMON_BLOCKS = YES;
				GCC_WARN_64_TO_32_BIT_CONVERSION = YES;
				GCC_WARN_ABOUT_RETURN_TYPE = YES_ERROR;
				GCC_WARN_UNDECLARED_SELECTOR = YES;
				GCC_WARN_UNINITIALIZED_AUTOS = YES_AGGRESSIVE;
				GCC_WARN_UNUSED_FUNCTION = YES;
				GCC_WARN_UNUSED_VARIABLE = YES;
				IPHONEOS_DEPLOYMENT_TARGET = 9.3;
				MTL_ENABLE_DEBUG_INFO = NO;
				SDKROOT = iphoneos;
				TARGETED_DEVICE_FAMILY = "1,2";
				VALIDATE_PRODUCT = YES;
			};
			name = Release;
		};
		00611C101CB080FA00C08B07 /* Debug */ = {
			isa = XCBuildConfiguration;
			buildSettings = {
				ASSETCATALOG_COMPILER_APPICON_NAME = AppIcon;
				CODE_SIGN_ENTITLEMENTS = "Open ER/Open ER.entitlements";
				INFOPLIST_FILE = "Open ER/Info.plist";
				LD_RUNPATH_SEARCH_PATHS = "$(inherited) @executable_path/Frameworks";
				PRODUCT_BUNDLE_IDENTIFIER = "ca.jeffreyfulton.Open-ER";
				PRODUCT_NAME = Emerg;
				TARGETED_DEVICE_FAMILY = "1,2";
			};
			name = Debug;
		};
		00611C111CB080FA00C08B07 /* Release */ = {
			isa = XCBuildConfiguration;
			buildSettings = {
				ASSETCATALOG_COMPILER_APPICON_NAME = AppIcon;
				CODE_SIGN_ENTITLEMENTS = "Open ER/Open ER.entitlements";
				INFOPLIST_FILE = "Open ER/Info.plist";
				LD_RUNPATH_SEARCH_PATHS = "$(inherited) @executable_path/Frameworks";
				PRODUCT_BUNDLE_IDENTIFIER = "ca.jeffreyfulton.Open-ER";
				PRODUCT_NAME = Emerg;
				TARGETED_DEVICE_FAMILY = "1,2";
			};
			name = Release;
		};
/* End XCBuildConfiguration section */

/* Begin XCConfigurationList section */
		00611BF81CB080FA00C08B07 /* Build configuration list for PBXProject "Open ER" */ = {
			isa = XCConfigurationList;
			buildConfigurations = (
				00611C0D1CB080FA00C08B07 /* Debug */,
				00611C0E1CB080FA00C08B07 /* Release */,
			);
			defaultConfigurationIsVisible = 0;
			defaultConfigurationName = Release;
		};
		00611C0F1CB080FA00C08B07 /* Build configuration list for PBXNativeTarget "Open ER" */ = {
			isa = XCConfigurationList;
			buildConfigurations = (
				00611C101CB080FA00C08B07 /* Debug */,
				00611C111CB080FA00C08B07 /* Release */,
			);
			defaultConfigurationIsVisible = 0;
			defaultConfigurationName = Release;
		};
/* End XCConfigurationList section */
	};
	rootObject = 00611BF51CB080FA00C08B07 /* Project object */;
}
